// !$*UTF8*$!
{
	archiveVersion = 1;
	classes = {
	};
	objectVersion = 56;
	objects = {

/* Begin PBXBuildFile section */
		38C185662CE99482001CDBAA /* CoreDataBudgetApp.swift in Sources */ = {isa = PBXBuildFile; fileRef = 38C185652CE99482001CDBAA /* CoreDataBudgetApp.swift */; };
		38C1856A2CE99483001CDBAA /* Assets.xcassets in Resources */ = {isa = PBXBuildFile; fileRef = 38C185692CE99483001CDBAA /* Assets.xcassets */; };
		38C1856D2CE99483001CDBAA /* Preview Assets.xcassets in Resources */ = {isa = PBXBuildFile; fileRef = 38C1856C2CE99483001CDBAA /* Preview Assets.xcassets */; };
		38C185752CE99507001CDBAA /* CoreDataProvider.swift in Sources */ = {isa = PBXBuildFile; fileRef = 38C185742CE99507001CDBAA /* CoreDataProvider.swift */; };
		38C185782CE99962001CDBAA /* BudgetAppModel.xcdatamodeld in Sources */ = {isa = PBXBuildFile; fileRef = 38C185762CE99962001CDBAA /* BudgetAppModel.xcdatamodeld */; };
		38C1857B2CE99B82001CDBAA /* BudgetListScreen.swift in Sources */ = {isa = PBXBuildFile; fileRef = 38C1857A2CE99B82001CDBAA /* BudgetListScreen.swift */; };
		38C1857D2CEAD959001CDBAA /* AddBudgetScreen.swift in Sources */ = {isa = PBXBuildFile; fileRef = 38C1857C2CEAD959001CDBAA /* AddBudgetScreen.swift */; };
		38C185802CEAE4E4001CDBAA /* String+Extensions.swift in Sources */ = {isa = PBXBuildFile; fileRef = 38C1857F2CEAE4E4001CDBAA /* String+Extensions.swift */; };
		38C185822CEAEAB4001CDBAA /* Budget+Extensions.swift in Sources */ = {isa = PBXBuildFile; fileRef = 38C185812CEAEAB4001CDBAA /* Budget+Extensions.swift */; };
		38C185852CEAF45E001CDBAA /* BudgetListItemView.swift in Sources */ = {isa = PBXBuildFile; fileRef = 38C185842CEAF45E001CDBAA /* BudgetListItemView.swift */; };
/* End PBXBuildFile section */

/* Begin PBXFileReference section */
		38C185622CE99482001CDBAA /* CoreDataBudgetApp.app */ = {isa = PBXFileReference; explicitFileType = wrapper.application; includeInIndex = 0; path = CoreDataBudgetApp.app; sourceTree = BUILT_PRODUCTS_DIR; };
		38C185652CE99482001CDBAA /* CoreDataBudgetApp.swift */ = {isa = PBXFileReference; lastKnownFileType = sourcecode.swift; path = CoreDataBudgetApp.swift; sourceTree = "<group>"; };
		38C185692CE99483001CDBAA /* Assets.xcassets */ = {isa = PBXFileReference; lastKnownFileType = folder.assetcatalog; path = Assets.xcassets; sourceTree = "<group>"; };
		38C1856C2CE99483001CDBAA /* Preview Assets.xcassets */ = {isa = PBXFileReference; lastKnownFileType = folder.assetcatalog; path = "Preview Assets.xcassets"; sourceTree = "<group>"; };
		38C185742CE99507001CDBAA /* CoreDataProvider.swift */ = {isa = PBXFileReference; lastKnownFileType = sourcecode.swift; path = CoreDataProvider.swift; sourceTree = "<group>"; };
		38C185772CE99962001CDBAA /* BudgetAppModel.xcdatamodel */ = {isa = PBXFileReference; lastKnownFileType = wrapper.xcdatamodel; path = BudgetAppModel.xcdatamodel; sourceTree = "<group>"; };
		38C1857A2CE99B82001CDBAA /* BudgetListScreen.swift */ = {isa = PBXFileReference; lastKnownFileType = sourcecode.swift; path = BudgetListScreen.swift; sourceTree = "<group>"; };
		38C1857C2CEAD959001CDBAA /* AddBudgetScreen.swift */ = {isa = PBXFileReference; lastKnownFileType = sourcecode.swift; path = AddBudgetScreen.swift; sourceTree = "<group>"; };
		38C1857F2CEAE4E4001CDBAA /* String+Extensions.swift */ = {isa = PBXFileReference; lastKnownFileType = sourcecode.swift; path = "String+Extensions.swift"; sourceTree = "<group>"; };
		38C185812CEAEAB4001CDBAA /* Budget+Extensions.swift */ = {isa = PBXFileReference; lastKnownFileType = sourcecode.swift; path = "Budget+Extensions.swift"; sourceTree = "<group>"; };
		38C185842CEAF45E001CDBAA /* BudgetListItemView.swift */ = {isa = PBXFileReference; lastKnownFileType = sourcecode.swift; path = BudgetListItemView.swift; sourceTree = "<group>"; };
/* End PBXFileReference section */

/* Begin PBXFrameworksBuildPhase section */
		38C1855F2CE99482001CDBAA /* Frameworks */ = {
			isa = PBXFrameworksBuildPhase;
			buildActionMask = 2147483647;
			files = (
			);
			runOnlyForDeploymentPostprocessing = 0;
		};
/* End PBXFrameworksBuildPhase section */

/* Begin PBXGroup section */
		38C185592CE99481001CDBAA = {
			isa = PBXGroup;
			children = (
				38C185642CE99482001CDBAA /* CoreDataBudgetApp */,
				38C185632CE99482001CDBAA /* Products */,
			);
			sourceTree = "<group>";
		};
		38C185632CE99482001CDBAA /* Products */ = {
			isa = PBXGroup;
			children = (
				38C185622CE99482001CDBAA /* CoreDataBudgetApp.app */,
			);
			name = Products;
			sourceTree = "<group>";
		};
		38C185642CE99482001CDBAA /* CoreDataBudgetApp */ = {
			isa = PBXGroup;
			children = (
				38C185832CEAF448001CDBAA /* Views */,
				38C1857E2CEAE4CF001CDBAA /* Extensions */,
				38C185792CE99B5B001CDBAA /* Screens */,
				38C185732CE994E7001CDBAA /* Providers */,
				38C185652CE99482001CDBAA /* CoreDataBudgetApp.swift */,
				38C185692CE99483001CDBAA /* Assets.xcassets */,
				38C1856B2CE99483001CDBAA /* Preview Content */,
				38C185762CE99962001CDBAA /* BudgetAppModel.xcdatamodeld */,
			);
			path = CoreDataBudgetApp;
			sourceTree = "<group>";
		};
		38C1856B2CE99483001CDBAA /* Preview Content */ = {
			isa = PBXGroup;
			children = (
				38C1856C2CE99483001CDBAA /* Preview Assets.xcassets */,
			);
			path = "Preview Content";
			sourceTree = "<group>";
		};
		38C185732CE994E7001CDBAA /* Providers */ = {
			isa = PBXGroup;
			children = (
				38C185742CE99507001CDBAA /* CoreDataProvider.swift */,
			);
			path = Providers;
			sourceTree = "<group>";
		};
		38C185792CE99B5B001CDBAA /* Screens */ = {
			isa = PBXGroup;
			children = (
				38C1857A2CE99B82001CDBAA /* BudgetListScreen.swift */,
				38C1857C2CEAD959001CDBAA /* AddBudgetScreen.swift */,
			);
			path = Screens;
			sourceTree = "<group>";
		};
		38C1857E2CEAE4CF001CDBAA /* Extensions */ = {
			isa = PBXGroup;
			children = (
				38C1857F2CEAE4E4001CDBAA /* String+Extensions.swift */,
				38C185812CEAEAB4001CDBAA /* Budget+Extensions.swift */,
			);
			path = Extensions;
			sourceTree = "<group>";
		};
		38C185832CEAF448001CDBAA /* Views */ = {
			isa = PBXGroup;
			children = (
				38C185842CEAF45E001CDBAA /* BudgetListItemView.swift */,
			);
			path = Views;
			sourceTree = "<group>";
		};
/* End PBXGroup section */

/* Begin PBXNativeTarget section */
		38C185612CE99482001CDBAA /* CoreDataBudgetApp */ = {
			isa = PBXNativeTarget;
			buildConfigurationList = 38C185702CE99483001CDBAA /* Build configuration list for PBXNativeTarget "CoreDataBudgetApp" */;
			buildPhases = (
				38C1855E2CE99482001CDBAA /* Sources */,
				38C1855F2CE99482001CDBAA /* Frameworks */,
				38C185602CE99482001CDBAA /* Resources */,
			);
			buildRules = (
			);
			dependencies = (
			);
			name = CoreDataBudgetApp;
			productName = CoreDataBudgetApp;
			productReference = 38C185622CE99482001CDBAA /* CoreDataBudgetApp.app */;
			productType = "com.apple.product-type.application";
		};
/* End PBXNativeTarget section */

/* Begin PBXProject section */
		38C1855A2CE99481001CDBAA /* Project object */ = {
			isa = PBXProject;
			attributes = {
				BuildIndependentTargetsInParallel = 1;
				LastSwiftUpdateCheck = 1540;
				LastUpgradeCheck = 1540;
				TargetAttributes = {
					38C185612CE99482001CDBAA = {
						CreatedOnToolsVersion = 15.4;
					};
				};
			};
			buildConfigurationList = 38C1855D2CE99481001CDBAA /* Build configuration list for PBXProject "CoreDataBudgetApp" */;
			compatibilityVersion = "Xcode 14.0";
			developmentRegion = en;
			hasScannedForEncodings = 0;
			knownRegions = (
				en,
				Base,
			);
			mainGroup = 38C185592CE99481001CDBAA;
			productRefGroup = 38C185632CE99482001CDBAA /* Products */;
			projectDirPath = "";
			projectRoot = "";
			targets = (
				38C185612CE99482001CDBAA /* CoreDataBudgetApp */,
			);
		};
/* End PBXProject section */

/* Begin PBXResourcesBuildPhase section */
		38C185602CE99482001CDBAA /* Resources */ = {
			isa = PBXResourcesBuildPhase;
			buildActionMask = 2147483647;
			files = (
				38C1856D2CE99483001CDBAA /* Preview Assets.xcassets in Resources */,
				38C1856A2CE99483001CDBAA /* Assets.xcassets in Resources */,
			);
			runOnlyForDeploymentPostprocessing = 0;
		};
/* End PBXResourcesBuildPhase section */

/* Begin PBXSourcesBuildPhase section */
		38C1855E2CE99482001CDBAA /* Sources */ = {
			isa = PBXSourcesBuildPhase;
			buildActionMask = 2147483647;
			files = (
				38C1857D2CEAD959001CDBAA /* AddBudgetScreen.swift in Sources */,
				38C185802CEAE4E4001CDBAA /* String+Extensions.swift in Sources */,
				38C185822CEAEAB4001CDBAA /* Budget+Extensions.swift in Sources */,
				38C1857B2CE99B82001CDBAA /* BudgetListScreen.swift in Sources */,
				38C185852CEAF45E001CDBAA /* BudgetListItemView.swift in Sources */,
				38C185782CE99962001CDBAA /* BudgetAppModel.xcdatamodeld in Sources */,
				38C185662CE99482001CDBAA /* CoreDataBudgetApp.swift in Sources */,
				38C185752CE99507001CDBAA /* CoreDataProvider.swift in Sources */,
			);
			runOnlyForDeploymentPostprocessing = 0;
		};
/* End PBXSourcesBuildPhase section */

/* Begin XCBuildConfiguration section */
		38C1856E2CE99483001CDBAA /* Debug */ = {
			isa = XCBuildConfiguration;
			buildSettings = {
				ALWAYS_SEARCH_USER_PATHS = NO;
				ASSETCATALOG_COMPILER_GENERATE_SWIFT_ASSET_SYMBOL_EXTENSIONS = YES;
				CLANG_ANALYZER_NONNULL = YES;
				CLANG_ANALYZER_NUMBER_OBJECT_CONVERSION = YES_AGGRESSIVE;
				CLANG_CXX_LANGUAGE_STANDARD = "gnu++20";
				CLANG_ENABLE_MODULES = YES;
				CLANG_ENABLE_OBJC_ARC = YES;
				CLANG_ENABLE_OBJC_WEAK = YES;
				CLANG_WARN_BLOCK_CAPTURE_AUTORELEASING = YES;
				CLANG_WARN_BOOL_CONVERSION = YES;
				CLANG_WARN_COMMA = YES;
				CLANG_WARN_CONSTANT_CONVERSION = YES;
				CLANG_WARN_DEPRECATED_OBJC_IMPLEMENTATIONS = YES;
				CLANG_WARN_DIRECT_OBJC_ISA_USAGE = YES_ERROR;
				CLANG_WARN_DOCUMENTATION_COMMENTS = YES;
				CLANG_WARN_EMPTY_BODY = YES;
				CLANG_WARN_ENUM_CONVERSION = YES;
				CLANG_WARN_INFINITE_RECURSION = YES;
				CLANG_WARN_INT_CONVERSION = YES;
				CLANG_WARN_NON_LITERAL_NULL_CONVERSION = YES;
				CLANG_WARN_OBJC_IMPLICIT_RETAIN_SELF = YES;
				CLANG_WARN_OBJC_LITERAL_CONVERSION = YES;
				CLANG_WARN_OBJC_ROOT_CLASS = YES_ERROR;
				CLANG_WARN_QUOTED_INCLUDE_IN_FRAMEWORK_HEADER = YES;
				CLANG_WARN_RANGE_LOOP_ANALYSIS = YES;
				CLANG_WARN_STRICT_PROTOTYPES = YES;
				CLANG_WARN_SUSPICIOUS_MOVE = YES;
				CLANG_WARN_UNGUARDED_AVAILABILITY = YES_AGGRESSIVE;
				CLANG_WARN_UNREACHABLE_CODE = YES;
				CLANG_WARN__DUPLICATE_METHOD_MATCH = YES;
				COPY_PHASE_STRIP = NO;
				DEBUG_INFORMATION_FORMAT = dwarf;
				ENABLE_STRICT_OBJC_MSGSEND = YES;
				ENABLE_TESTABILITY = YES;
				ENABLE_USER_SCRIPT_SANDBOXING = YES;
				GCC_C_LANGUAGE_STANDARD = gnu17;
				GCC_DYNAMIC_NO_PIC = NO;
				GCC_NO_COMMON_BLOCKS = YES;
				GCC_OPTIMIZATION_LEVEL = 0;
				GCC_PREPROCESSOR_DEFINITIONS = (
					"DEBUG=1",
					"$(inherited)",
				);
				GCC_WARN_64_TO_32_BIT_CONVERSION = YES;
				GCC_WARN_ABOUT_RETURN_TYPE = YES_ERROR;
				GCC_WARN_UNDECLARED_SELECTOR = YES;
				GCC_WARN_UNINITIALIZED_AUTOS = YES_AGGRESSIVE;
				GCC_WARN_UNUSED_FUNCTION = YES;
				GCC_WARN_UNUSED_VARIABLE = YES;
				IPHONEOS_DEPLOYMENT_TARGET = 17.5;
				LOCALIZATION_PREFERS_STRING_CATALOGS = YES;
				MTL_ENABLE_DEBUG_INFO = INCLUDE_SOURCE;
				MTL_FAST_MATH = YES;
				ONLY_ACTIVE_ARCH = YES;
				SDKROOT = iphoneos;
				SWIFT_ACTIVE_COMPILATION_CONDITIONS = "DEBUG $(inherited)";
				SWIFT_OPTIMIZATION_LEVEL = "-Onone";
			};
			name = Debug;
		};
		38C1856F2CE99483001CDBAA /* Release */ = {
			isa = XCBuildConfiguration;
			buildSettings = {
				ALWAYS_SEARCH_USER_PATHS = NO;
				ASSETCATALOG_COMPILER_GENERATE_SWIFT_ASSET_SYMBOL_EXTENSIONS = YES;
				CLANG_ANALYZER_NONNULL = YES;
				CLANG_ANALYZER_NUMBER_OBJECT_CONVERSION = YES_AGGRESSIVE;
				CLANG_CXX_LANGUAGE_STANDARD = "gnu++20";
				CLANG_ENABLE_MODULES = YES;
				CLANG_ENABLE_OBJC_ARC = YES;
				CLANG_ENABLE_OBJC_WEAK = YES;
				CLANG_WARN_BLOCK_CAPTURE_AUTORELEASING = YES;
				CLANG_WARN_BOOL_CONVERSION = YES;
				CLANG_WARN_COMMA = YES;
				CLANG_WARN_CONSTANT_CONVERSION = YES;
				CLANG_WARN_DEPRECATED_OBJC_IMPLEMENTATIONS = YES;
				CLANG_WARN_DIRECT_OBJC_ISA_USAGE = YES_ERROR;
				CLANG_WARN_DOCUMENTATION_COMMENTS = YES;
				CLANG_WARN_EMPTY_BODY = YES;
				CLANG_WARN_ENUM_CONVERSION = YES;
				CLANG_WARN_INFINITE_RECURSION = YES;
				CLANG_WARN_INT_CONVERSION = YES;
				CLANG_WARN_NON_LITERAL_NULL_CONVERSION = YES;
				CLANG_WARN_OBJC_IMPLICIT_RETAIN_SELF = YES;
				CLANG_WARN_OBJC_LITERAL_CONVERSION = YES;
				CLANG_WARN_OBJC_ROOT_CLASS = YES_ERROR;
				CLANG_WARN_QUOTED_INCLUDE_IN_FRAMEWORK_HEADER = YES;
				CLANG_WARN_RANGE_LOOP_ANALYSIS = YES;
				CLANG_WARN_STRICT_PROTOTYPES = YES;
				CLANG_WARN_SUSPICIOUS_MOVE = YES;
				CLANG_WARN_UNGUARDED_AVAILABILITY = YES_AGGRESSIVE;
				CLANG_WARN_UNREACHABLE_CODE = YES;
				CLANG_WARN__DUPLICATE_METHOD_MATCH = YES;
				COPY_PHASE_STRIP = NO;
				DEBUG_INFORMATION_FORMAT = "dwarf-with-dsym";
				ENABLE_NS_ASSERTIONS = NO;
				ENABLE_STRICT_OBJC_MSGSEND = YES;
				ENABLE_USER_SCRIPT_SANDBOXING = YES;
				GCC_C_LANGUAGE_STANDARD = gnu17;
				GCC_NO_COMMON_BLOCKS = YES;
				GCC_WARN_64_TO_32_BIT_CONVERSION = YES;
				GCC_WARN_ABOUT_RETURN_TYPE = YES_ERROR;
				GCC_WARN_UNDECLARED_SELECTOR = YES;
				GCC_WARN_UNINITIALIZED_AUTOS = YES_AGGRESSIVE;
				GCC_WARN_UNUSED_FUNCTION = YES;
				GCC_WARN_UNUSED_VARIABLE = YES;
				IPHONEOS_DEPLOYMENT_TARGET = 17.5;
				LOCALIZATION_PREFERS_STRING_CATALOGS = YES;
				MTL_ENABLE_DEBUG_INFO = NO;
				MTL_FAST_MATH = YES;
				SDKROOT = iphoneos;
				SWIFT_COMPILATION_MODE = wholemodule;
				VALIDATE_PRODUCT = YES;
			};
			name = Release;
		};
		38C185712CE99483001CDBAA /* Debug */ = {
			isa = XCBuildConfiguration;
			buildSettings = {
				ASSETCATALOG_COMPILER_APPICON_NAME = AppIcon;
				ASSETCATALOG_COMPILER_GLOBAL_ACCENT_COLOR_NAME = AccentColor;
				CODE_SIGN_STYLE = Automatic;
				CURRENT_PROJECT_VERSION = 1;
				DEVELOPMENT_ASSET_PATHS = "\"CoreDataBudgetApp/Preview Content\"";
				DEVELOPMENT_TEAM = MMXH24PBRA;
				ENABLE_PREVIEWS = YES;
				GENERATE_INFOPLIST_FILE = YES;
				INFOPLIST_KEY_UIApplicationSceneManifest_Generation = YES;
				INFOPLIST_KEY_UIApplicationSupportsIndirectInputEvents = YES;
				INFOPLIST_KEY_UILaunchScreen_Generation = YES;
				INFOPLIST_KEY_UISupportedInterfaceOrientations_iPad = "UIInterfaceOrientationPortrait UIInterfaceOrientationPortraitUpsideDown UIInterfaceOrientationLandscapeLeft UIInterfaceOrientationLandscapeRight";
				INFOPLIST_KEY_UISupportedInterfaceOrientations_iPhone = "UIInterfaceOrientationPortrait UIInterfaceOrientationLandscapeLeft UIInterfaceOrientationLandscapeRight";
				LD_RUNPATH_SEARCH_PATHS = (
					"$(inherited)",
					"@executable_path/Frameworks",
				);
				MARKETING_VERSION = 1.0;
				PRODUCT_BUNDLE_IDENTIFIER = "com.Damien-Thompson.CoreDataBudgetApp";
				PRODUCT_NAME = "$(TARGET_NAME)";
				SWIFT_EMIT_LOC_STRINGS = YES;
				SWIFT_VERSION = 5.0;
				TARGETED_DEVICE_FAMILY = "1,2";
			};
			name = Debug;
		};
		38C185722CE99483001CDBAA /* Release */ = {
			isa = XCBuildConfiguration;
			buildSettings = {
				ASSETCATALOG_COMPILER_APPICON_NAME = AppIcon;
				ASSETCATALOG_COMPILER_GLOBAL_ACCENT_COLOR_NAME = AccentColor;
				CODE_SIGN_STYLE = Automatic;
				CURRENT_PROJECT_VERSION = 1;
				DEVELOPMENT_ASSET_PATHS = "\"CoreDataBudgetApp/Preview Content\"";
				DEVELOPMENT_TEAM = MMXH24PBRA;
				ENABLE_PREVIEWS = YES;
				GENERATE_INFOPLIST_FILE = YES;
				INFOPLIST_KEY_UIApplicationSceneManifest_Generation = YES;
				INFOPLIST_KEY_UIApplicationSupportsIndirectInputEvents = YES;
				INFOPLIST_KEY_UILaunchScreen_Generation = YES;
				INFOPLIST_KEY_UISupportedInterfaceOrientations_iPad = "UIInterfaceOrientationPortrait UIInterfaceOrientationPortraitUpsideDown UIInterfaceOrientationLandscapeLeft UIInterfaceOrientationLandscapeRight";
				INFOPLIST_KEY_UISupportedInterfaceOrientations_iPhone = "UIInterfaceOrientationPortrait UIInterfaceOrientationLandscapeLeft UIInterfaceOrientationLandscapeRight";
				LD_RUNPATH_SEARCH_PATHS = (
					"$(inherited)",
					"@executable_path/Frameworks",
				);
				MARKETING_VERSION = 1.0;
				PRODUCT_BUNDLE_IDENTIFIER = "com.Damien-Thompson.CoreDataBudgetApp";
				PRODUCT_NAME = "$(TARGET_NAME)";
				SWIFT_EMIT_LOC_STRINGS = YES;
				SWIFT_VERSION = 5.0;
				TARGETED_DEVICE_FAMILY = "1,2";
			};
			name = Release;
		};
/* End XCBuildConfiguration section */

/* Begin XCConfigurationList section */
		38C1855D2CE99481001CDBAA /* Build configuration list for PBXProject "CoreDataBudgetApp" */ = {
			isa = XCConfigurationList;
			buildConfigurations = (
				38C1856E2CE99483001CDBAA /* Debug */,
				38C1856F2CE99483001CDBAA /* Release */,
			);
			defaultConfigurationIsVisible = 0;
			defaultConfigurationName = Release;
		};
		38C185702CE99483001CDBAA /* Build configuration list for PBXNativeTarget "CoreDataBudgetApp" */ = {
			isa = XCConfigurationList;
			buildConfigurations = (
				38C185712CE99483001CDBAA /* Debug */,
				38C185722CE99483001CDBAA /* Release */,
			);
			defaultConfigurationIsVisible = 0;
			defaultConfigurationName = Release;
		};
/* End XCConfigurationList section */

/* Begin XCVersionGroup section */
		38C185762CE99962001CDBAA /* BudgetAppModel.xcdatamodeld */ = {
			isa = XCVersionGroup;
			children = (
				38C185772CE99962001CDBAA /* BudgetAppModel.xcdatamodel */,
			);
			currentVersion = 38C185772CE99962001CDBAA /* BudgetAppModel.xcdatamodel */;
			name = BudgetAppModel.xcdatamodeld;
			path = /Users/damienlthompson/Tutorials/SwiftUIProjects/CoreDataBudgetApp/CoreDataBudgetApp/BudgetAppModel.xcdatamodeld;
			sourceTree = "<group>";
			versionGroupType = wrapper.xcdatamodel;
		};
/* End XCVersionGroup section */
	};
	rootObject = 38C1855A2CE99481001CDBAA /* Project object */;
}
